
Microsoft Visual Studio Solution File, Format Version 12.00
# Visual Studio Version 16
VisualStudioVersion = 16.0.31624.102
MinimumVisualStudioVersion = 10.0.40219.1
Project("{9A19103F-16F7-4668-BE54-9A1E7A4F7556}") = "NetPunditUSA", "NetPunditUSA.csproj", "{FE425CDB-657C-408E-AA9D-6313173F5EDA}"
EndProject
Global
	GlobalSection(SolutionConfigurationPlatforms) = preSolution
		Debug|Any CPU = Debug|Any CPU
		Release|Any CPU = Release|Any CPU
	EndGlobalSection
	GlobalSection(ProjectConfigurationPlatforms) = postSolution
		{FE425CDB-657C-408E-AA9D-6313173F5EDA}.Debug|Any CPU.ActiveCfg = Debug|Any CPU
		{FE425CDB-657C-408E-AA9D-6313173F5EDA}.Debug|Any CPU.Build.0 = Debug|Any CPU
		{FE425CDB-657C-408E-AA9D-6313173F5EDA}.Release|Any CPU.ActiveCfg = Release|Any CPU
		{FE425CDB-657C-408E-AA9D-6313173F5EDA}.Release|Any CPU.Build.0 = Release|Any CPU
	EndGlobalSection
	GlobalSection(SolutionProperties) = preSolution
		HideSolutionNode = FALSE
	EndGlobalSection
	GlobalSection(ExtensibilityGlobals) = postSolution
		SolutionGuid = {911D8ED0-804C-4CC6-9733-7A4BA2051538}
	EndGlobalSection
EndGlobal
